
Microsoft Visual Studio Solution File, Format Version 12.00
# Visual Studio Version 16
VisualStudioVersion = 16.0.30225.117
MinimumVisualStudioVersion = 10.0.40219.1
Project("{FAE04EC0-301F-11D3-BF4B-00C04F79EFBC}") = "PasswordGenerator.Tests", "PasswordGenerator.Tests\PasswordGenerator.Tests.csproj", "{8EC5DE46-EABF-4B37-8291-DD2184ADC5D2}"
EndProject
Project("{9A19103F-16F7-4668-BE54-9A1E7A4F7556}") = "PasswordGenerator", "PasswordGenerator\PasswordGenerator.csproj", "{A6C95999-6337-4B66-83B7-64754B7D6A6F}"
EndProject
Project("{9A19103F-16F7-4668-BE54-9A1E7A4F7556}") = "PasswordGenerator.WebSite", "PasswordGenerator.WebSite\PasswordGenerator.WebSite.csproj", "{3C5E6C15-84E3-462F-9436-210167A08E74}"
EndProject
Project("{FAE04EC0-301F-11D3-BF4B-00C04F79EFBC}") = "PasswordGenerator.Owin", "PasswordGenerator.Owin\PasswordGenerator.Owin.csproj", "{FDA9C51E-805B-4B84-9DBA-6145A3D23C56}"
EndProject
Project("{9A19103F-16F7-4668-BE54-9A1E7A4F7556}") = "PasswordGenerator.SampleSource", "PasswordGenerator.SampleSource\PasswordGenerator.SampleSource.csproj", "{A7AEF21C-E103-4AF6-B78D-66C04CD92522}"
EndProject
Project("{2150E333-8FDC-42A3-9474-1A3956D46DE8}") = "Docs", "Docs", "{8F618B93-4DE4-48F6-8F54-1F23DAACDAE1}"
	ProjectSection(SolutionItems) = preProject
		LICENSE = LICENSE
		readme.md = readme.md
	EndProjectSection
EndProject
Global
	GlobalSection(SolutionConfigurationPlatforms) = preSolution
		Debug|Any CPU = Debug|Any CPU
		Release|Any CPU = Release|Any CPU
	EndGlobalSection
	GlobalSection(ProjectConfigurationPlatforms) = postSolution
		{8EC5DE46-EABF-4B37-8291-DD2184ADC5D2}.Debug|Any CPU.ActiveCfg = Debug|Any CPU
		{8EC5DE46-EABF-4B37-8291-DD2184ADC5D2}.Debug|Any CPU.Build.0 = Debug|Any CPU
		{8EC5DE46-EABF-4B37-8291-DD2184ADC5D2}.Release|Any CPU.ActiveCfg = Release|Any CPU
		{8EC5DE46-EABF-4B37-8291-DD2184ADC5D2}.Release|Any CPU.Build.0 = Release|Any CPU
		{A6C95999-6337-4B66-83B7-64754B7D6A6F}.Debug|Any CPU.ActiveCfg = Debug|Any CPU
		{A6C95999-6337-4B66-83B7-64754B7D6A6F}.Debug|Any CPU.Build.0 = Debug|Any CPU
		{A6C95999-6337-4B66-83B7-64754B7D6A6F}.Release|Any CPU.ActiveCfg = Release|Any CPU
		{A6C95999-6337-4B66-83B7-64754B7D6A6F}.Release|Any CPU.Build.0 = Release|Any CPU
		{3C5E6C15-84E3-462F-9436-210167A08E74}.Debug|Any CPU.ActiveCfg = Debug|Any CPU
		{3C5E6C15-84E3-462F-9436-210167A08E74}.Debug|Any CPU.Build.0 = Debug|Any CPU
		{3C5E6C15-84E3-462F-9436-210167A08E74}.Release|Any CPU.ActiveCfg = Release|Any CPU
		{3C5E6C15-84E3-462F-9436-210167A08E74}.Release|Any CPU.Build.0 = Release|Any CPU
		{FDA9C51E-805B-4B84-9DBA-6145A3D23C56}.Debug|Any CPU.ActiveCfg = Debug|Any CPU
		{FDA9C51E-805B-4B84-9DBA-6145A3D23C56}.Debug|Any CPU.Build.0 = Debug|Any CPU
		{FDA9C51E-805B-4B84-9DBA-6145A3D23C56}.Release|Any CPU.ActiveCfg = Release|Any CPU
		{FDA9C51E-805B-4B84-9DBA-6145A3D23C56}.Release|Any CPU.Build.0 = Release|Any CPU
		{A7AEF21C-E103-4AF6-B78D-66C04CD92522}.Debug|Any CPU.ActiveCfg = Debug|Any CPU
		{A7AEF21C-E103-4AF6-B78D-66C04CD92522}.Debug|Any CPU.Build.0 = Debug|Any CPU
		{A7AEF21C-E103-4AF6-B78D-66C04CD92522}.Release|Any CPU.ActiveCfg = Release|Any CPU
		{A7AEF21C-E103-4AF6-B78D-66C04CD92522}.Release|Any CPU.Build.0 = Release|Any CPU
	EndGlobalSection
	GlobalSection(SolutionProperties) = preSolution
		HideSolutionNode = FALSE
	EndGlobalSection
	GlobalSection(ExtensibilityGlobals) = postSolution
		SolutionGuid = {781697BA-506E-46AE-A8AF-A5DBD05FA0D9}
	EndGlobalSection
EndGlobal
